Microsoft Visual Studio Solution File, Format Version 12.00
# Visual Studio Version 17
VisualStudioVersion = 17.5.2.0
MinimumVisualStudioVersion = 10.0.40219.1
Project("{FAE04EC0-301F-11D3-BF4B-00C04F79EFBC}") = "Fundamentos_dotnet", "Fundamentos_dotnet.csproj", "{4A2A1263-B8FD-7D00-AAC5-9E6898BAA4E7}"
EndProject
Global
	GlobalSection(SolutionConfigurationPlatforms) = preSolution
		Debug|Any CPU = Debug|Any CPU
		Release|Any CPU = Release|Any CPU
	EndGlobalSection
	GlobalSection(ProjectConfigurationPlatforms) = postSolution
		{4A2A1263-B8FD-7D00-AAC5-9E6898BAA4E7}.Debug|Any CPU.ActiveCfg = Debug|Any CPU
		{4A2A1263-B8FD-7D00-AAC5-9E6898BAA4E7}.Debug|Any CPU.Build.0 = Debug|Any CPU
		{4A2A1263-B8FD-7D00-AAC5-9E6898BAA4E7}.Release|Any CPU.ActiveCfg = Release|Any CPU
		{4A2A1263-B8FD-7D00-AAC5-9E6898BAA4E7}.Release|Any CPU.Build.0 = Release|Any CPU
	EndGlobalSection
	GlobalSection(SolutionProperties) = preSolution
		HideSolutionNode = FALSE
	EndGlobalSection
	GlobalSection(ExtensibilityGlobals) = postSolution
		SolutionGuid = {D1F419BA-CF62-48E2-A295-DE756E54131B}
	EndGlobalSection
EndGlobal
